// !$*UTF8*$!
{
	archiveVersion = 1;
	classes = {
	};
	objectVersion = 46;
	objects = {

/* Begin PBXFileReference section */
		7B6A47F1256271090025B242 /* iOSFormUtils */ = {isa = PBXFileReference; lastKnownFileType = folder; name = iOSFormUtils; path = iOSFormUtils/iOSFormUtils; sourceTree = "<group>"; };
		C8CF38E91DC9DC20002D11DF /* FormInput.swift */ = {isa = PBXFileReference; lastKnownFileType = sourcecode.swift; name = FormInput.swift; path = iOSFormUtils/FormInput.swift; sourceTree = "<group>"; };
		C8CF38EA1DC9DC20002D11DF /* ValidatedFormInput.swift */ = {isa = PBXFileReference; lastKnownFileType = sourcecode.swift; name = ValidatedFormInput.swift; path = iOSFormUtils/ValidatedFormInput.swift; sourceTree = "<group>"; };
		C8CF38EB1DC9DC94002D11DF /* Info.plist */ = {isa = PBXFileReference; lastKnownFileType = text.plist.xml; path = Info.plist; sourceTree = "<group>"; };
/* End PBXFileReference section */

/* Begin PBXGroup section */
		C8714A461CECC5360006E038 = {
			isa = PBXGroup;
			children = (
				7B6A47F1256271090025B242 /* iOSFormUtils */,
				C8C6A7FB1CEDBDED00B9B9D8 /* iOSFormUtils */,
			);
			sourceTree = "<group>";
		};
		C8C6A7FB1CEDBDED00B9B9D8 /* iOSFormUtils */ = {
			isa = PBXGroup;
			children = (
				C8CF38EB1DC9DC94002D11DF /* Info.plist */,
				C8CF38E91DC9DC20002D11DF /* FormInput.swift */,
				C8CF38EA1DC9DC20002D11DF /* ValidatedFormInput.swift */,
			);
			name = iOSFormUtils;
			sourceTree = "<group>";
		};
/* End PBXGroup section */

/* Begin PBXProject section */
		C8714A471CECC5360006E038 /* Project object */ = {
			isa = PBXProject;
			attributes = {
				LastUpgradeCheck = 0730;
			};
			buildConfigurationList = C8714A4A1CECC5360006E038 /* Build configuration list for PBXProject "iOSFormUtils" */;
			compatibilityVersion = "Xcode 3.2";
			developmentRegion = English;
			hasScannedForEncodings = 0;
			knownRegions = (
				English,
				en,
			);
			mainGroup = C8714A461CECC5360006E038;
			projectDirPath = "";
			projectRoot = "";
			targets = (
			);
		};
/* End PBXProject section */

/* Begin XCBuildConfiguration section */
		C8714A4B1CECC5360006E038 /* Debug */ = {
			isa = XCBuildConfiguration;
			buildSettings = {
			};
			name = Debug;
		};
		C8714A4C1CECC5360006E038 /* Release */ = {
			isa = XCBuildConfiguration;
			buildSettings = {
			};
			name = Release;
		};
/* End XCBuildConfiguration section */

/* Begin XCConfigurationList section */
		C8714A4A1CECC5360006E038 /* Build configuration list for PBXProject "iOSFormUtils" */ = {
			isa = XCConfigurationList;
			buildConfigurations = (
				C8714A4B1CECC5360006E038 /* Debug */,
				C8714A4C1CECC5360006E038 /* Release */,
			);
			defaultConfigurationIsVisible = 0;
			defaultConfigurationName = Release;
		};
/* End XCConfigurationList section */
	};
	rootObject = C8714A471CECC5360006E038 /* Project object */;
}
